
Microsoft Visual Studio Solution File, Format Version 12.00
# Visual Studio Version 17
VisualStudioVersion = 17.7.34202.233
MinimumVisualStudioVersion = 10.0.40219.1
Project("{FAE04EC0-301F-11D3-BF4B-00C04F79EFBC}") = "OlxMax.Dal", "OlxMax.Dal\OlxMax.Dal.csproj", "{38FCB3D6-79F1-4411-9371-43D9F67286BF}"
EndProject
Global
	GlobalSection(SolutionConfigurationPlatforms) = preSolution
		Debug|Any CPU = Debug|Any CPU
		Release|Any CPU = Release|Any CPU
	EndGlobalSection
	GlobalSection(ProjectConfigurationPlatforms) = postSolution
		{38FCB3D6-79F1-4411-9371-43D9F67286BF}.Debug|Any CPU.ActiveCfg = Debug|Any CPU
		{38FCB3D6-79F1-4411-9371-43D9F67286BF}.Debug|Any CPU.Build.0 = Debug|Any CPU
		{38FCB3D6-79F1-4411-9371-43D9F67286BF}.Release|Any CPU.ActiveCfg = Release|Any CPU
		{38FCB3D6-79F1-4411-9371-43D9F67286BF}.Release|Any CPU.Build.0 = Release|Any CPU
	EndGlobalSection
	GlobalSection(SolutionProperties) = preSolution
		HideSolutionNode = FALSE
	EndGlobalSection
	GlobalSection(ExtensibilityGlobals) = postSolution
		SolutionGuid = {F70DC8C0-4010-4ADE-865B-E96A61726A3C}
	EndGlobalSection
EndGlobal
